
Microsoft Visual Studio Solution File, Format Version 12.00
# Visual Studio Version 17
VisualStudioVersion = 17.4.33110.190
MinimumVisualStudioVersion = 10.0.40219.1
Project("{888888A0-9F3D-457C-B088-3A5042F75D52}") = "spiski", "spiski\spiski.pyproj", "{8C3087C4-20DB-4316-805B-D368BAE6FFE9}"
EndProject
Global
	GlobalSection(SolutionConfigurationPlatforms) = preSolution
		Debug|Any CPU = Debug|Any CPU
		Release|Any CPU = Release|Any CPU
	EndGlobalSection
	GlobalSection(ProjectConfigurationPlatforms) = postSolution
		{8C3087C4-20DB-4316-805B-D368BAE6FFE9}.Debug|Any CPU.ActiveCfg = Debug|Any CPU
		{8C3087C4-20DB-4316-805B-D368BAE6FFE9}.Release|Any CPU.ActiveCfg = Release|Any CPU
	EndGlobalSection
	GlobalSection(SolutionProperties) = preSolution
		HideSolutionNode = FALSE
	EndGlobalSection
	GlobalSection(ExtensibilityGlobals) = postSolution
		SolutionGuid = {49078F7C-5E57-4B47-8C19-458B7BD97051}
	EndGlobalSection
EndGlobal
